
Microsoft Visual Studio Solution File, Format Version 12.00
# Visual Studio Version 17
VisualStudioVersion = 17.10.35122.118
MinimumVisualStudioVersion = 10.0.40219.1
Project("{FAE04EC0-301F-11D3-BF4B-00C04F79EFBC}") = "SistemaDeTarefas", "SistemaDeTarefas\SistemaDeTarefas.csproj", "{8958BBB0-B32F-42E0-B18C-973BBAB50402}"
EndProject
Global
	GlobalSection(SolutionConfigurationPlatforms) = preSolution
		Debug|Any CPU = Debug|Any CPU
		Release|Any CPU = Release|Any CPU
	EndGlobalSection
	GlobalSection(ProjectConfigurationPlatforms) = postSolution
		{8958BBB0-B32F-42E0-B18C-973BBAB50402}.Debug|Any CPU.ActiveCfg = Debug|Any CPU
		{8958BBB0-B32F-42E0-B18C-973BBAB50402}.Debug|Any CPU.Build.0 = Debug|Any CPU
		{8958BBB0-B32F-42E0-B18C-973BBAB50402}.Release|Any CPU.ActiveCfg = Release|Any CPU
		{8958BBB0-B32F-42E0-B18C-973BBAB50402}.Release|Any CPU.Build.0 = Release|Any CPU
	EndGlobalSection
	GlobalSection(SolutionProperties) = preSolution
		HideSolutionNode = FALSE
	EndGlobalSection
	GlobalSection(ExtensibilityGlobals) = postSolution
		SolutionGuid = {70D2BCB1-55FC-4A51-BB88-B03E7461EC44}
	EndGlobalSection
EndGlobal
